{
  "version": 4,
  "terraform_version": "1.7.5",
  "serial": 18,
  "lineage": "3220ce04-ac10-1efc-faca-19ae24bc8b87",
  "outputs": {
    "kubernetes_cluster_host": {
      "value": "104.198.136.29",
      "type": "string"
    },
    "kubernetes_cluster_name": {
      "value": "mle2-de-gke",
      "type": "string"
    },
    "project_id": {
      "value": "mle2-de",
      "type": "string"
    },
    "region": {
      "value": "us-central1",
      "type": "string"
    }
  },
  "resources": [
    {
      "mode": "managed",
      "type": "google_container_cluster",
      "name": "primary",
      "provider": "provider[\"registry.terraform.io/hashicorp/google\"]",
      "instances": [
        {
          "schema_version": 1,
          "attributes": {
            "addons_config": [
              {
                "cloudrun_config": [],
                "config_connector_config": [],
                "dns_cache_config": [],
                "gce_persistent_disk_csi_driver_config": [
                  {
                    "enabled": true
                  }
                ],
                "gcp_filestore_csi_driver_config": [],
                "gcs_fuse_csi_driver_config": [],
                "gke_backup_agent_config": [],
                "horizontal_pod_autoscaling": [],
                "http_load_balancing": [],
                "network_policy_config": [
                  {
                    "disabled": true
                  }
                ]
              }
            ],
            "allow_net_admin": null,
            "authenticator_groups_config": [],
            "binary_authorization": [
              {
                "enabled": false,
                "evaluation_mode": ""
              }
            ],
            "cluster_autoscaling": [
              {
                "auto_provisioning_defaults": [],
                "enabled": false,
                "resource_limits": []
              }
            ],
            "cluster_ipv4_cidr": "10.0.0.0/14",
            "confidential_nodes": [],
            "cost_management_config": [],
            "database_encryption": [
              {
                "key_name": "",
                "state": "DECRYPTED"
              }
            ],
            "datapath_provider": "",
            "default_max_pods_per_node": null,
            "default_snat_status": [
              {
                "disabled": false
              }
            ],
            "description": "",
            "dns_config": [],
            "enable_autopilot": false,
            "enable_binary_authorization": false,
            "enable_intranode_visibility": false,
            "enable_k8s_beta_apis": [],
            "enable_kubernetes_alpha": false,
            "enable_l4_ilb_subsetting": false,
            "enable_legacy_abac": false,
            "enable_shielded_nodes": true,
            "enable_tpu": false,
            "endpoint": "104.198.136.29",
            "gateway_api_config": [],
            "id": "projects/mle2-de/locations/us-central1/clusters/mle2-de-gke",
            "initial_node_count": 1,
            "ip_allocation_policy": [],
            "label_fingerprint": "a9dc16a7",
            "location": "us-central1",
            "logging_config": [
              {
                "enable_components": [
                  "SYSTEM_COMPONENTS",
                  "WORKLOADS"
                ]
              }
            ],
            "logging_service": "logging.googleapis.com/kubernetes",
            "maintenance_policy": [],
            "master_auth": [
              {
                "client_certificate": "",
                "client_certificate_config": [
                  {
                    "issue_client_certificate": false
                  }
                ],
                "client_key": "",
                "cluster_ca_certificate": "LS0tLS1CRUdJTiBDRVJUSUZJQ0FURS0tLS0tCk1JSUVMVENDQXBXZ0F3SUJBZ0lSQUlPL2xvblBCS0ZtL3RZeFlKb3poSWt3RFFZSktvWklodmNOQVFFTEJRQXcKTHpFdE1Dc0dBMVVFQXhNa09UVmlPR1ZtTURBdE1tSmlNaTAwT0RjMExUaG1OMkV0TkRKaE1EQTVZak0zTWpBegpNQ0FYRFRJME1EUXpNREF5TXpFd00xb1lEekl3TlRRd05ESXpNRE16TVRBeldqQXZNUzB3S3dZRFZRUURFeVE1Ck5XSTRaV1l3TUMweVltSXlMVFE0TnpRdE9HWTNZUzAwTW1Fd01EbGlNemN5TURNd2dnR2lNQTBHQ1NxR1NJYjMKRFFFQkFRVUFBNElCandBd2dnR0tBb0lCZ1FDN2JpL2xnNVhjWWhtVjVWN3ljRGIvci9peGJwQ2Jyd2psNHZJWApOWVpqdURZZmVHc2xzUkpHbCtqY3VmMkY0SG1nMThiUUd3WjMyeGpVS096T2V3a2NyaTJVcm9DNmVqZmxiaW8vCk9KQmJ3ay8vMnZOYXl5VkZDVWtDMEFLa0g0MU53R2d3SEV4SjFIUnN4dW1mYmEyaSs5YmlCdnZTWDZPZDVzSGcKajloMkhNYUluS3hWdFJlTGRyVkpsYVMzUVlIbVpubDJ3dWxJb2lwTmE2ZlpITUdNckNYYnlCeTJMeXVRRUVZbgp2YTYydndYL1VSNmVRaTlJSXVIMXVCckw1VFd0QVFDV1o1Q1YxR1gyWWVVbURjbUFLVzBCVzdoSldYTVlwaGpyCjUxOG9kMmRPbi9kOHdsR2NYU1dNTUJiS2RHT01UbGNjQ0U3YlRGVUk0V2oyZGo5TWM4MzR2VUMxaXArNm45dTQKSzJmMnBSeVozVTVIdmJkL2R6SEtScFJqdXdNNkp6QmQvd215MVk5VlNlcnRxSHNkakhtdjgyN1oybHVKcmNicgpBbkpZRm4zVnBmRUhWd2JlaXBUZEQ0ZS82VmlHbFd4aGN1aFNkTHFiQlNaNEI0L2g5Zkg1bTFNTDU1WU90elphCmUyMTBwZ09udXJudGtEdXVPek5EM0hJZ3dVTUNBd0VBQWFOQ01FQXdEZ1lEVlIwUEFRSC9CQVFEQWdJRU1BOEcKQTFVZEV3RUIvd1FGTUFNQkFmOHdIUVlEVlIwT0JCWUVGQmdUbTB5c1lwTzB2bFQ2ZzVIZjR1L2Qwc3BjTUEwRwpDU3FHU0liM0RRRUJDd1VBQTRJQmdRQUNqTlNPTmo1QXFaTHJ5TDRZY0lVZGo1YTA4bWxTYXFuZ3hHNTQyanhlClBTSDU0NVlGS0YwTkNIdGlJN0VYcHY1ZG5LUHI2dWlLb1V5TXJ0N3pZanRSY0xnc2N6RkdwZnN0TmprK2hYK04KdGVmU1pzVWVOQ285VEk3cTgvbDBVUTdRYmNBck54MWg4eGtEWE1IQU80OEFkTGx3dUVaWWVRczVudjlNL05aSQpaSmUrT2p2ZllBZlljNW14THppYnZ3OWFKWnRPQ015S3k5cUthOVpBanJQMVp3U1BkYVhhSGFlZDNtaFU1SFpUCm42N2tpNDl5WUtnVHlSRzl4OElEalhaQ0xIdTBaWDVscnpBVEdMMlY3d01rRGpQdFIyNUx1QjFCcnhCL29CVTQKYXJhVVdKTHdPcHZLVm5wZytWb3VFYm12Qkc1eWRWU3BaWjBDUlVzalRneGIwaVpPbWRWZmUzODlOamM5V2J5WApzSWRUMkg5WVpIWXY4azJoNzhoN1BFdGpOanJaOTNvS1pqYVl5eUM3OU5JWWxCWmpQYnZWZVp5c093Z2FhZzVZCjJFMUN1YVRYSmRqUUFvTWFXbXVRVEpmMzhlYkpNcE5PRW0xd0hydUErV2tUemU2a0lrRDd0RWpPZ014TTBOWUIKWDZsdUs4OW1kUGQ2MHZJakluaVQzNFU9Ci0tLS0tRU5EIENFUlRJRklDQVRFLS0tLS0K"
              }
            ],
            "master_authorized_networks_config": [],
            "master_version": "1.28.7-gke.1026000",
            "mesh_certificates": [],
            "min_master_version": null,
            "monitoring_config": [
              {
                "advanced_datapath_observability_config": [
                  {
                    "enable_metrics": false,
                    "relay_mode": ""
                  }
                ],
                "enable_components": [
                  "SYSTEM_COMPONENTS"
                ],
                "managed_prometheus": [
                  {
                    "enabled": true
                  }
                ]
              }
            ],
            "monitoring_service": "monitoring.googleapis.com/kubernetes",
            "name": "mle2-de-gke",
            "network": "projects/mle2-de/global/networks/default",
            "network_policy": [
              {
                "enabled": false,
                "provider": "PROVIDER_UNSPECIFIED"
              }
            ],
            "networking_mode": "ROUTES",
            "node_config": [],
            "node_locations": [
              "us-central1-a",
              "us-central1-b",
              "us-central1-f"
            ],
            "node_pool": [],
            "node_pool_defaults": [
              {
                "node_config_defaults": [
                  {
                    "logging_variant": "DEFAULT"
                  }
                ]
              }
            ],
            "node_version": "1.28.7-gke.1026000",
            "notification_config": [
              {
                "pubsub": [
                  {
                    "enabled": false,
                    "filter": [],
                    "topic": ""
                  }
                ]
              }
            ],
            "operation": null,
            "private_cluster_config": [
              {
                "enable_private_endpoint": false,
                "enable_private_nodes": false,
                "master_global_access_config": [
                  {
                    "enabled": false
                  }
                ],
                "master_ipv4_cidr_block": "",
                "peering_name": "",
                "private_endpoint": "10.128.0.34",
                "private_endpoint_subnetwork": "",
                "public_endpoint": "104.198.136.29"
              }
            ],
            "private_ipv6_google_access": "",
            "project": "mle2-de",
            "release_channel": [
              {
                "channel": "REGULAR"
              }
            ],
            "remove_default_node_pool": true,
            "resource_labels": null,
            "resource_usage_export_config": [],
            "security_posture_config": [
              {
                "mode": "BASIC",
                "vulnerability_mode": "VULNERABILITY_MODE_UNSPECIFIED"
              }
            ],
            "self_link": "https://container.googleapis.com/v1/projects/mle2-de/locations/us-central1/clusters/mle2-de-gke",
            "service_external_ips_config": [
              {
                "enabled": false
              }
            ],
            "services_ipv4_cidr": "10.3.240.0/20",
            "subnetwork": "projects/mle2-de/regions/us-central1/subnetworks/default",
            "timeouts": null,
            "tpu_ipv4_cidr_block": "",
            "vertical_pod_autoscaling": [],
            "workload_identity_config": []
          },
          "sensitive_attributes": [],
          "private": "eyJlMmJmYjczMC1lY2FhLTExZTYtOGY4OC0zNDM2M2JjN2M0YzAiOnsiY3JlYXRlIjoyNDAwMDAwMDAwMDAwLCJkZWxldGUiOjI0MDAwMDAwMDAwMDAsInJlYWQiOjI0MDAwMDAwMDAwMDAsInVwZGF0ZSI6MzYwMDAwMDAwMDAwMH0sInNjaGVtYV92ZXJzaW9uIjoiMSJ9"
        }
      ]
    },
    {
      "mode": "managed",
      "type": "google_container_node_pool",
      "name": "primary_preemptible_nodes",
      "provider": "provider[\"registry.terraform.io/hashicorp/google\"]",
      "instances": [
        {
          "schema_version": 1,
          "attributes": {
            "autoscaling": [],
            "cluster": "mle2-de-gke",
            "id": "projects/mle2-de/locations/us-central1/clusters/mle2-de-gke/nodePools/node-pool",
            "initial_node_count": 1,
            "instance_group_urls": [
              "https://www.googleapis.com/compute/v1/projects/mle2-de/zones/us-central1-a/instanceGroupManagers/gke-mle2-de-gke-node-pool-a3a47744-grp",
              "https://www.googleapis.com/compute/v1/projects/mle2-de/zones/us-central1-b/instanceGroupManagers/gke-mle2-de-gke-node-pool-066a2d9b-grp",
              "https://www.googleapis.com/compute/v1/projects/mle2-de/zones/us-central1-f/instanceGroupManagers/gke-mle2-de-gke-node-pool-686eece0-grp"
            ],
            "location": "us-central1",
            "managed_instance_group_urls": [
              "https://www.googleapis.com/compute/v1/projects/mle2-de/zones/us-central1-a/instanceGroups/gke-mle2-de-gke-node-pool-a3a47744-grp",
              "https://www.googleapis.com/compute/v1/projects/mle2-de/zones/us-central1-b/instanceGroups/gke-mle2-de-gke-node-pool-066a2d9b-grp",
              "https://www.googleapis.com/compute/v1/projects/mle2-de/zones/us-central1-f/instanceGroups/gke-mle2-de-gke-node-pool-686eece0-grp"
            ],
            "management": [
              {
                "auto_repair": true,
                "auto_upgrade": true
              }
            ],
            "max_pods_per_node": null,
            "name": "node-pool",
            "name_prefix": "",
            "network_config": [
              {
                "create_pod_range": false,
                "enable_private_nodes": false,
                "pod_cidr_overprovision_config": [],
                "pod_ipv4_cidr_block": "",
                "pod_range": ""
              }
            ],
            "node_config": [
              {
                "advanced_machine_features": [],
                "boot_disk_kms_key": "",
                "disk_size_gb": 100,
                "disk_type": "pd-balanced",
                "ephemeral_storage_local_ssd_config": [],
                "gcfs_config": [],
                "guest_accelerator": [],
                "gvnic": [],
                "host_maintenance_policy": [],
                "image_type": "COS_CONTAINERD",
                "kubelet_config": [],
                "labels": {},
                "linux_node_config": [],
                "local_nvme_ssd_block_config": [],
                "local_ssd_count": 0,
                "logging_variant": "DEFAULT",
                "machine_type": "e2-standard-8",
                "metadata": {
                  "disable-legacy-endpoints": "true"
                },
                "min_cpu_platform": "",
                "node_group": "",
                "oauth_scopes": [
                  "https://www.googleapis.com/auth/devstorage.read_only",
                  "https://www.googleapis.com/auth/logging.write",
                  "https://www.googleapis.com/auth/monitoring",
                  "https://www.googleapis.com/auth/service.management.readonly",
                  "https://www.googleapis.com/auth/servicecontrol",
                  "https://www.googleapis.com/auth/trace.append"
                ],
                "preemptible": true,
                "reservation_affinity": [],
                "resource_labels": null,
                "service_account": "default",
                "shielded_instance_config": [
                  {
                    "enable_integrity_monitoring": true,
                    "enable_secure_boot": false
                  }
                ],
                "sole_tenant_config": [],
                "spot": false,
                "tags": null,
                "taint": [],
                "workload_metadata_config": []
              }
            ],
            "node_count": 1,
            "node_locations": [
              "us-central1-a",
              "us-central1-b",
              "us-central1-f"
            ],
            "operation": null,
            "placement_policy": [],
            "project": "mle2-de",
            "timeouts": null,
            "upgrade_settings": [
              {
                "blue_green_settings": [],
                "max_surge": 1,
                "max_unavailable": 0,
                "strategy": "SURGE"
              }
            ],
            "version": "1.28.7-gke.1026000"
          },
          "sensitive_attributes": [],
          "private": "eyJlMmJmYjczMC1lY2FhLTExZTYtOGY4OC0zNDM2M2JjN2M0YzAiOnsiY3JlYXRlIjoxODAwMDAwMDAwMDAwLCJkZWxldGUiOjE4MDAwMDAwMDAwMDAsInVwZGF0ZSI6MTgwMDAwMDAwMDAwMH0sInNjaGVtYV92ZXJzaW9uIjoiMSJ9",
          "dependencies": [
            "google_container_cluster.primary"
          ]
        }
      ]
    },
    {
      "mode": "managed",
      "type": "google_storage_bucket",
      "name": "bucket",
      "provider": "provider[\"registry.terraform.io/hashicorp/google\"]",
      "instances": [
        {
          "schema_version": 0,
          "attributes": {
            "autoclass": [],
            "cors": [],
            "custom_placement_config": [],
            "default_event_based_hold": false,
            "encryption": [],
            "force_destroy": true,
            "id": "mle2-de-bucket",
            "labels": {},
            "lifecycle_rule": [],
            "location": "US-CENTRAL1",
            "logging": [],
            "name": "mle2-de-bucket",
            "project": "mle2-de",
            "public_access_prevention": "inherited",
            "requester_pays": false,
            "retention_policy": [],
            "self_link": "https://www.googleapis.com/storage/v1/b/mle2-de-bucket",
            "storage_class": "STANDARD",
            "timeouts": null,
            "uniform_bucket_level_access": false,
            "url": "gs://mle2-de-bucket",
            "versioning": [],
            "website": []
          },
          "sensitive_attributes": [],
          "private": "eyJlMmJmYjczMC1lY2FhLTExZTYtOGY4OC0zNDM2M2JjN2M0YzAiOnsiY3JlYXRlIjo2MDAwMDAwMDAwMDAsInJlYWQiOjI0MDAwMDAwMDAwMCwidXBkYXRlIjoyNDAwMDAwMDAwMDB9fQ=="
        }
      ]
    }
  ],
  "check_results": null
}
