{
  "version": 4,
  "terraform_version": "1.7.5",
  "serial": 15,
  "lineage": "3220ce04-ac10-1efc-faca-19ae24bc8b87",
  "outputs": {
    "kubernetes_cluster_host": {
      "value": "34.66.244.119",
      "type": "string"
    },
    "kubernetes_cluster_name": {
      "value": "mle2-de-gke",
      "type": "string"
    },
    "project_id": {
      "value": "mle2-de",
      "type": "string"
    },
    "region": {
      "value": "us-central1",
      "type": "string"
    }
  },
  "resources": [
    {
      "mode": "managed",
      "type": "google_container_cluster",
      "name": "primary",
      "provider": "provider[\"registry.terraform.io/hashicorp/google\"]",
      "instances": [
        {
          "schema_version": 1,
          "attributes": {
            "addons_config": [
              {
                "cloudrun_config": [],
                "config_connector_config": [],
                "dns_cache_config": [],
                "gce_persistent_disk_csi_driver_config": [
                  {
                    "enabled": true
                  }
                ],
                "gcp_filestore_csi_driver_config": [],
                "gcs_fuse_csi_driver_config": [],
                "gke_backup_agent_config": [],
                "horizontal_pod_autoscaling": [],
                "http_load_balancing": [],
                "network_policy_config": [
                  {
                    "disabled": true
                  }
                ]
              }
            ],
            "allow_net_admin": null,
            "authenticator_groups_config": [],
            "binary_authorization": [
              {
                "enabled": false,
                "evaluation_mode": ""
              }
            ],
            "cluster_autoscaling": [
              {
                "auto_provisioning_defaults": [],
                "enabled": false,
                "resource_limits": []
              }
            ],
            "cluster_ipv4_cidr": "10.0.0.0/14",
            "confidential_nodes": [],
            "cost_management_config": [],
            "database_encryption": [
              {
                "key_name": "",
                "state": "DECRYPTED"
              }
            ],
            "datapath_provider": "",
            "default_max_pods_per_node": null,
            "default_snat_status": [
              {
                "disabled": false
              }
            ],
            "description": "",
            "dns_config": [],
            "enable_autopilot": false,
            "enable_binary_authorization": false,
            "enable_intranode_visibility": false,
            "enable_k8s_beta_apis": [],
            "enable_kubernetes_alpha": false,
            "enable_l4_ilb_subsetting": false,
            "enable_legacy_abac": false,
            "enable_shielded_nodes": true,
            "enable_tpu": false,
            "endpoint": "34.66.244.119",
            "gateway_api_config": [],
            "id": "projects/mle2-de/locations/us-central1/clusters/mle2-de-gke",
            "initial_node_count": 1,
            "ip_allocation_policy": [],
            "label_fingerprint": "a9dc16a7",
            "location": "us-central1",
            "logging_config": [
              {
                "enable_components": [
                  "SYSTEM_COMPONENTS",
                  "WORKLOADS"
                ]
              }
            ],
            "logging_service": "logging.googleapis.com/kubernetes",
            "maintenance_policy": [],
            "master_auth": [
              {
                "client_certificate": "",
                "client_certificate_config": [
                  {
                    "issue_client_certificate": false
                  }
                ],
                "client_key": "",
                "cluster_ca_certificate": "LS0tLS1CRUdJTiBDRVJUSUZJQ0FURS0tLS0tCk1JSUVMRENDQXBTZ0F3SUJBZ0lRZXd3RE5Zb3EyRStsTE1WTkIvT1dKekFOQmdrcWhraUc5dzBCQVFzRkFEQXYKTVMwd0t3WURWUVFERXlReU56YzNOV1ZoTmkxallXUTFMVFJtTnpRdFlqazJaQzB3TURVMk5EQmxNems1TnpndwpJQmNOTWpRd05ESTRNRFl5TlRFeVdoZ1BNakExTkRBME1qRXdOekkxTVRKYU1DOHhMVEFyQmdOVkJBTVRKREkzCk56YzFaV0UyTFdOaFpEVXROR1kzTkMxaU9UWmtMVEF3TlRZME1HVXpPVGszT0RDQ0FhSXdEUVlKS29aSWh2Y04KQVFFQkJRQURnZ0dQQURDQ0FZb0NnZ0dCQU5DNWM0a2dNalVxUVEyandtTENxU2NUOFRFUjl0dWQ1d3E4Tk0zcQpDUldrNzU5OXhZRVdZWFdFY3VXb3pycXdzbkd5YVdkTW1SNDVWM0JWdDROc2IxVVRpUUFJVloyNHdKQWU0V3F3CkJiLzBPaUM2WitDSFFpenJybWhKc1RKSnN3aDJ6VVFiZHptcWZlTm1IM2wxd1l1bEp6U2ZtMVE0ZFlrWng2S0gKcGFER3FCbitqVTg0U3gzUEJiR0l3c05ERkdGVTJWWXdpRmF6TmhZUXBBQ3dYTEhzbFdLNHJ3U1YzZlFVSWQ1cgpDcVFFTWlpclpSSHpFaFpoaEs5Q1NVRmlBTklPcDQvSlE4emxtZTcwcStuanJra0ZUUGNzZ2RXdFhrSW00UnMyCnRlZWZHWEJlSVZMNDV3U2V6TVRNdlJDQWd3b3pBazdjQjBTaVZqNG5RRGtnbG9DTlVScTNFYkhBZzRnelk3Q2UKYk1kaHdtWXVSTWlvT2tUNUJ5VFR1bmkvbXhWWElYT1dJWEdoVjVnVzV6cnJLaVpwbXpXZzVOdkhFaDV6WXJtRQplQzA4RldhdjM0WENxNkhKLzZaUHhVWjdBNExFaWZadTRBTnJyZDh2SmJTdWtjV094UFMvSWx1VEZVK28zeGpoCktVc21xZW1NSXlZdkdXOGdZVUlvU1pGbVJ3SURBUUFCbzBJd1FEQU9CZ05WSFE4QkFmOEVCQU1DQWdRd0R3WUQKVlIwVEFRSC9CQVV3QXdFQi96QWRCZ05WSFE0RUZnUVU2YlFmN0t6am5JNGkwZUtveWN0UG1nZ2xVa0V3RFFZSgpLb1pJaHZjTkFRRUxCUUFEZ2dHQkFDeGxkT3lvQ2hEVitMRTQrOGhHc21pNVdxZmpyTXlTem9ueTN1bTJTZGEzCmhTck8rRXZsN1NhTElreGpzVkMvYzZyQ3l2RnFuKy9HRVZrTEo0ekZmOVZvV0J1bUEwTVprVWkwUjEwdG5MaTYKYjNFN2UxT3QwcjRpTG1DbUVEL2xFbGZvWTM3S3NzTzRxYjErcHpuQnpmL05oRC9VOVNaVVRYV3U2MHNOZEZScQpkQ1BDUmVNaDMvaGFxWHgwNU5XSG9YdUc5OGdRbklEbTFBaW5iSUYrVk5uRmtOUStvQ1FnTEkxL2k3RjMrVU5MCjVQNHYzT3l5Y1JxNSs5TUVWNUxycGVMTGJudldoT3FocktEUHBZV3VpNEVVU3pRbk04ZUhwT2d2WmNIejQwb1QKckE2SVk3ZTBzKzgxWkFIZ1R1akRYbTI2dEJPeldXdTlFN0VCZ3E4ZnlHb1FYVVZKSnFnem5HR0dxWndCMFlXQQozYU1hWWdkM25hYjBBVlZEQ1YxcjF0SFhsQTAzR0dmOXJCQ2RJSUMyS0Vla1JVVTUzZ2dsWVhEN09SL3Q0U05ECjhBaTJIZFdWait5eEFEZjBRcG5Cb3A1Y3pqUzBmdkJSdm0rdkJPKzJtQXpDaFVMV3JUWCtPcmtjOWZrdVBscVYKR0tvOSt0S082a2Fsdm82empBT1NMdz09Ci0tLS0tRU5EIENFUlRJRklDQVRFLS0tLS0K"
              }
            ],
            "master_authorized_networks_config": [],
            "master_version": "1.28.7-gke.1026000",
            "mesh_certificates": [],
            "min_master_version": null,
            "monitoring_config": [
              {
                "advanced_datapath_observability_config": [
                  {
                    "enable_metrics": false,
                    "relay_mode": ""
                  }
                ],
                "enable_components": [
                  "SYSTEM_COMPONENTS"
                ],
                "managed_prometheus": [
                  {
                    "enabled": true
                  }
                ]
              }
            ],
            "monitoring_service": "monitoring.googleapis.com/kubernetes",
            "name": "mle2-de-gke",
            "network": "projects/mle2-de/global/networks/default",
            "network_policy": [
              {
                "enabled": false,
                "provider": "PROVIDER_UNSPECIFIED"
              }
            ],
            "networking_mode": "ROUTES",
            "node_config": [],
            "node_locations": [
              "us-central1-a",
              "us-central1-c",
              "us-central1-f"
            ],
            "node_pool": [],
            "node_pool_defaults": [
              {
                "node_config_defaults": [
                  {
                    "logging_variant": "DEFAULT"
                  }
                ]
              }
            ],
            "node_version": "1.28.7-gke.1026000",
            "notification_config": [
              {
                "pubsub": [
                  {
                    "enabled": false,
                    "filter": [],
                    "topic": ""
                  }
                ]
              }
            ],
            "operation": null,
            "private_cluster_config": [
              {
                "enable_private_endpoint": false,
                "enable_private_nodes": false,
                "master_global_access_config": [
                  {
                    "enabled": false
                  }
                ],
                "master_ipv4_cidr_block": "",
                "peering_name": "",
                "private_endpoint": "10.128.0.27",
                "private_endpoint_subnetwork": "",
                "public_endpoint": "34.66.244.119"
              }
            ],
            "private_ipv6_google_access": "",
            "project": "mle2-de",
            "release_channel": [
              {
                "channel": "REGULAR"
              }
            ],
            "remove_default_node_pool": true,
            "resource_labels": null,
            "resource_usage_export_config": [],
            "security_posture_config": [
              {
                "mode": "BASIC",
                "vulnerability_mode": "VULNERABILITY_MODE_UNSPECIFIED"
              }
            ],
            "self_link": "https://container.googleapis.com/v1/projects/mle2-de/locations/us-central1/clusters/mle2-de-gke",
            "service_external_ips_config": [
              {
                "enabled": false
              }
            ],
            "services_ipv4_cidr": "10.3.240.0/20",
            "subnetwork": "projects/mle2-de/regions/us-central1/subnetworks/default",
            "timeouts": null,
            "tpu_ipv4_cidr_block": "",
            "vertical_pod_autoscaling": [],
            "workload_identity_config": []
          },
          "sensitive_attributes": [],
          "private": "eyJlMmJmYjczMC1lY2FhLTExZTYtOGY4OC0zNDM2M2JjN2M0YzAiOnsiY3JlYXRlIjoyNDAwMDAwMDAwMDAwLCJkZWxldGUiOjI0MDAwMDAwMDAwMDAsInJlYWQiOjI0MDAwMDAwMDAwMDAsInVwZGF0ZSI6MzYwMDAwMDAwMDAwMH0sInNjaGVtYV92ZXJzaW9uIjoiMSJ9"
        }
      ]
    },
    {
      "mode": "managed",
      "type": "google_container_node_pool",
      "name": "primary_preemptible_nodes",
      "provider": "provider[\"registry.terraform.io/hashicorp/google\"]",
      "instances": [
        {
          "schema_version": 1,
          "attributes": {
            "autoscaling": [],
            "cluster": "mle2-de-gke",
            "id": "projects/mle2-de/locations/us-central1/clusters/mle2-de-gke/nodePools/node-pool",
            "initial_node_count": 1,
            "instance_group_urls": [
              "https://www.googleapis.com/compute/v1/projects/mle2-de/zones/us-central1-a/instanceGroupManagers/gke-mle2-de-gke-node-pool-470c45d7-grp",
              "https://www.googleapis.com/compute/v1/projects/mle2-de/zones/us-central1-f/instanceGroupManagers/gke-mle2-de-gke-node-pool-41a267c6-grp",
              "https://www.googleapis.com/compute/v1/projects/mle2-de/zones/us-central1-c/instanceGroupManagers/gke-mle2-de-gke-node-pool-06b1cb06-grp"
            ],
            "location": "us-central1",
            "managed_instance_group_urls": [
              "https://www.googleapis.com/compute/v1/projects/mle2-de/zones/us-central1-a/instanceGroups/gke-mle2-de-gke-node-pool-470c45d7-grp",
              "https://www.googleapis.com/compute/v1/projects/mle2-de/zones/us-central1-f/instanceGroups/gke-mle2-de-gke-node-pool-41a267c6-grp",
              "https://www.googleapis.com/compute/v1/projects/mle2-de/zones/us-central1-c/instanceGroups/gke-mle2-de-gke-node-pool-06b1cb06-grp"
            ],
            "management": [
              {
                "auto_repair": true,
                "auto_upgrade": true
              }
            ],
            "max_pods_per_node": null,
            "name": "node-pool",
            "name_prefix": "",
            "network_config": [
              {
                "create_pod_range": false,
                "enable_private_nodes": false,
                "pod_cidr_overprovision_config": [],
                "pod_ipv4_cidr_block": "",
                "pod_range": ""
              }
            ],
            "node_config": [
              {
                "advanced_machine_features": [],
                "boot_disk_kms_key": "",
                "disk_size_gb": 100,
                "disk_type": "pd-balanced",
                "ephemeral_storage_local_ssd_config": [],
                "gcfs_config": [],
                "guest_accelerator": [],
                "gvnic": [],
                "host_maintenance_policy": [],
                "image_type": "COS_CONTAINERD",
                "kubelet_config": [],
                "labels": {},
                "linux_node_config": [],
                "local_nvme_ssd_block_config": [],
                "local_ssd_count": 0,
                "logging_variant": "DEFAULT",
                "machine_type": "e2-standard-8",
                "metadata": {
                  "disable-legacy-endpoints": "true"
                },
                "min_cpu_platform": "",
                "node_group": "",
                "oauth_scopes": [
                  "https://www.googleapis.com/auth/devstorage.read_only",
                  "https://www.googleapis.com/auth/logging.write",
                  "https://www.googleapis.com/auth/monitoring",
                  "https://www.googleapis.com/auth/service.management.readonly",
                  "https://www.googleapis.com/auth/servicecontrol",
                  "https://www.googleapis.com/auth/trace.append"
                ],
                "preemptible": true,
                "reservation_affinity": [],
                "resource_labels": null,
                "service_account": "default",
                "shielded_instance_config": [
                  {
                    "enable_integrity_monitoring": true,
                    "enable_secure_boot": false
                  }
                ],
                "sole_tenant_config": [],
                "spot": false,
                "tags": null,
                "taint": [],
                "workload_metadata_config": []
              }
            ],
            "node_count": 1,
            "node_locations": [
              "us-central1-a",
              "us-central1-c",
              "us-central1-f"
            ],
            "operation": null,
            "placement_policy": [],
            "project": "mle2-de",
            "timeouts": null,
            "upgrade_settings": [
              {
                "blue_green_settings": [],
                "max_surge": 1,
                "max_unavailable": 0,
                "strategy": "SURGE"
              }
            ],
            "version": "1.28.7-gke.1026000"
          },
          "sensitive_attributes": [],
          "private": "eyJlMmJmYjczMC1lY2FhLTExZTYtOGY4OC0zNDM2M2JjN2M0YzAiOnsiY3JlYXRlIjoxODAwMDAwMDAwMDAwLCJkZWxldGUiOjE4MDAwMDAwMDAwMDAsInVwZGF0ZSI6MTgwMDAwMDAwMDAwMH0sInNjaGVtYV92ZXJzaW9uIjoiMSJ9",
          "dependencies": [
            "google_container_cluster.primary"
          ]
        }
      ]
    },
    {
      "mode": "managed",
      "type": "google_storage_bucket",
      "name": "bucket",
      "provider": "provider[\"registry.terraform.io/hashicorp/google\"]",
      "instances": [
        {
          "schema_version": 0,
          "attributes": {
            "autoclass": [],
            "cors": [],
            "custom_placement_config": [],
            "default_event_based_hold": false,
            "encryption": [],
            "force_destroy": true,
            "id": "mle2-de-bucket",
            "labels": {},
            "lifecycle_rule": [],
            "location": "US-CENTRAL1",
            "logging": [],
            "name": "mle2-de-bucket",
            "project": "mle2-de",
            "public_access_prevention": "inherited",
            "requester_pays": false,
            "retention_policy": [],
            "self_link": "https://www.googleapis.com/storage/v1/b/mle2-de-bucket",
            "storage_class": "STANDARD",
            "timeouts": null,
            "uniform_bucket_level_access": false,
            "url": "gs://mle2-de-bucket",
            "versioning": [],
            "website": []
          },
          "sensitive_attributes": [],
          "private": "eyJlMmJmYjczMC1lY2FhLTExZTYtOGY4OC0zNDM2M2JjN2M0YzAiOnsiY3JlYXRlIjo2MDAwMDAwMDAwMDAsInJlYWQiOjI0MDAwMDAwMDAwMCwidXBkYXRlIjoyNDAwMDAwMDAwMDB9fQ=="
        }
      ]
    }
  ],
  "check_results": null
}
